
Microsoft Visual Studio Solution File, Format Version 12.00
# Visual Studio 15
VisualStudioVersion = 15.0.26127.3
MinimumVisualStudioVersion = 10.0.40219.1
Project("{8BC9CEB8-8B4A-11D0-8D11-00A0C91BC942}") = "libhiredis", "libhiredis\libhiredis.vcxproj", "{C956794E-43AE-4D44-9C99-D614445DB6CC}"
EndProject
Project("{8BC9CEB8-8B4A-11D0-8D11-00A0C91BC942}") = "Examples", "Examples\Examples.vcxproj", "{377F02ED-4604-4CBF-8AE3-9A0EBF34A633}"
EndProject
Project("{8BC9CEB8-8B4A-11D0-8D11-00A0C91BC942}") = "Socket", "Socket\Socket.vcxproj", "{2A03C724-D7A0-4120-9CE4-F641E14B7CD7}"
EndProject
Global
	GlobalSection(SolutionConfigurationPlatforms) = preSolution
		Debug|x64 = Debug|x64
		Debug|x86 = Debug|x86
		Release|x64 = Release|x64
		Release|x86 = Release|x86
	EndGlobalSection
	GlobalSection(ProjectConfigurationPlatforms) = postSolution
		{C956794E-43AE-4D44-9C99-D614445DB6CC}.Debug|x64.ActiveCfg = Debug|x64
		{C956794E-43AE-4D44-9C99-D614445DB6CC}.Debug|x64.Build.0 = Debug|x64
		{C956794E-43AE-4D44-9C99-D614445DB6CC}.Debug|x86.ActiveCfg = Debug|Win32
		{C956794E-43AE-4D44-9C99-D614445DB6CC}.Debug|x86.Build.0 = Debug|Win32
		{C956794E-43AE-4D44-9C99-D614445DB6CC}.Release|x64.ActiveCfg = Release|x64
		{C956794E-43AE-4D44-9C99-D614445DB6CC}.Release|x64.Build.0 = Release|x64
		{C956794E-43AE-4D44-9C99-D614445DB6CC}.Release|x86.ActiveCfg = Release|Win32
		{C956794E-43AE-4D44-9C99-D614445DB6CC}.Release|x86.Build.0 = Release|Win32
		{377F02ED-4604-4CBF-8AE3-9A0EBF34A633}.Debug|x64.ActiveCfg = Debug|x64
		{377F02ED-4604-4CBF-8AE3-9A0EBF34A633}.Debug|x64.Build.0 = Debug|x64
		{377F02ED-4604-4CBF-8AE3-9A0EBF34A633}.Debug|x86.ActiveCfg = Debug|Win32
		{377F02ED-4604-4CBF-8AE3-9A0EBF34A633}.Debug|x86.Build.0 = Debug|Win32
		{377F02ED-4604-4CBF-8AE3-9A0EBF34A633}.Release|x64.ActiveCfg = Release|x64
		{377F02ED-4604-4CBF-8AE3-9A0EBF34A633}.Release|x64.Build.0 = Release|x64
		{377F02ED-4604-4CBF-8AE3-9A0EBF34A633}.Release|x86.ActiveCfg = Release|Win32
		{377F02ED-4604-4CBF-8AE3-9A0EBF34A633}.Release|x86.Build.0 = Release|Win32
		{2A03C724-D7A0-4120-9CE4-F641E14B7CD7}.Debug|x64.ActiveCfg = Debug|x64
		{2A03C724-D7A0-4120-9CE4-F641E14B7CD7}.Debug|x64.Build.0 = Debug|x64
		{2A03C724-D7A0-4120-9CE4-F641E14B7CD7}.Debug|x86.ActiveCfg = Debug|Win32
		{2A03C724-D7A0-4120-9CE4-F641E14B7CD7}.Debug|x86.Build.0 = Debug|Win32
		{2A03C724-D7A0-4120-9CE4-F641E14B7CD7}.Release|x64.ActiveCfg = Release|x64
		{2A03C724-D7A0-4120-9CE4-F641E14B7CD7}.Release|x64.Build.0 = Release|x64
		{2A03C724-D7A0-4120-9CE4-F641E14B7CD7}.Release|x86.ActiveCfg = Release|Win32
		{2A03C724-D7A0-4120-9CE4-F641E14B7CD7}.Release|x86.Build.0 = Release|Win32
	EndGlobalSection
	GlobalSection(SolutionProperties) = preSolution
		HideSolutionNode = FALSE
	EndGlobalSection
EndGlobal
