<?xml version="1.0" encoding="utf-8"?>
<Project ToolsVersion="4.0" xmlns="http://schemas.microsoft.com/developer/msbuild/2003">
  <ItemGroup>
    <Filter Include="源文件">
      <UniqueIdentifier>{4FC737F1-C7A5-4376-A066-2A32D752A2FF}</UniqueIdentifier>
      <Extensions>cpp;c;cc;cxx;def;odl;idl;hpj;bat;asm;asmx</Extensions>
    </Filter>
    <Filter Include="头文件">
      <UniqueIdentifier>{93995380-89BD-4b04-88EB-625FBE52EBFB}</UniqueIdentifier>
      <Extensions>h;hh;hpp;hxx;hm;inl;inc;xsd</Extensions>
    </Filter>
  </ItemGroup>
  <ItemGroup>
    <Text Include="ReadMe.txt" />
  </ItemGroup>
  <ItemGroup>
    <ClCompile Include="src\async.c">
      <Filter>源文件</Filter>
    </ClCompile>
    <ClCompile Include="src\dict.c">
      <Filter>源文件</Filter>
    </ClCompile>
    <ClCompile Include="src\hiredis.c">
      <Filter>源文件</Filter>
    </ClCompile>
    <ClCompile Include="src\net.c">
      <Filter>源文件</Filter>
    </ClCompile>
    <ClCompile Include="src\read.c">
      <Filter>源文件</Filter>
    </ClCompile>
    <ClCompile Include="src\sds.c">
      <Filter>源文件</Filter>
    </ClCompile>
    <ClCompile Include="src\test.c">
      <Filter>源文件</Filter>
    </ClCompile>
    <ClCompile Include="RedisClient.cpp">
      <Filter>源文件</Filter>
    </ClCompile>
    <ClCompile Include="RedisReply.cpp">
      <Filter>源文件</Filter>
    </ClCompile>
    <ClCompile Include="RedisClientManager.cpp">
      <Filter>源文件</Filter>
    </ClCompile>
  </ItemGroup>
  <ItemGroup>
    <ClInclude Include="src\async.h">
      <Filter>头文件</Filter>
    </ClInclude>
    <ClInclude Include="src\dict.h">
      <Filter>头文件</Filter>
    </ClInclude>
    <ClInclude Include="src\fmacros.h">
      <Filter>头文件</Filter>
    </ClInclude>
    <ClInclude Include="src\hiredis.h">
      <Filter>头文件</Filter>
    </ClInclude>
    <ClInclude Include="src\net.h">
      <Filter>头文件</Filter>
    </ClInclude>
    <ClInclude Include="src\read.h">
      <Filter>头文件</Filter>
    </ClInclude>
    <ClInclude Include="src\sds.h">
      <Filter>头文件</Filter>
    </ClInclude>
    <ClInclude Include="src\sdsalloc.h">
      <Filter>头文件</Filter>
    </ClInclude>
    <ClInclude Include="src\win32.h">
      <Filter>头文件</Filter>
    </ClInclude>
    <ClInclude Include="RedisClient.h">
      <Filter>头文件</Filter>
    </ClInclude>
    <ClInclude Include="RedisReply.h">
      <Filter>头文件</Filter>
    </ClInclude>
    <ClInclude Include="RedisClientManager.h">
      <Filter>头文件</Filter>
    </ClInclude>
    <ClInclude Include="common_type.h">
      <Filter>头文件</Filter>
    </ClInclude>
  </ItemGroup>
</Project>